{
  "requires": true,
  "lockfileVersion": 1,
  "dependencies": {
    "@types/google-apps-script": {
      "version": "1.0.22",
      "resolved": "https://registry.npmjs.org/@types/google-apps-script/-/google-apps-script-1.0.22.tgz",
      "integrity": "sha512-PkzCcQfwe2UnNKg3GukrWnMeECt5XulIk0ONc6rZRgMroMs68KS673xQm0OK1ZhfNlfx+zCr3FK6QmCFi0kJQQ=="
    }
  }
}
