# THIS IS AN AUTOGENERATED FILE. DO NOT EDIT THIS FILE DIRECTLY.
# yarn lockfile v1


clasp@^1.0.0:
  version "1.0.0"
  resolved "https://registry.yarnpkg.com/clasp/-/clasp-1.0.0.tgz#d13c40c8a581ec5fbf9caa7a45db4090c5b3dea0"
  integrity sha512-JkgxdZvYBtqIlGPvC5oRZ548eHpfx+81z5GXckpXcMkRTZDddkQfwK60w1YE32n8ovGoSW88pbsIvCPOKM6hyA==
